
Microsoft Visual Studio Solution File, Format Version 12.00
# Visual Studio Version 17
VisualStudioVersion = 17.13.35913.81
MinimumVisualStudioVersion = 10.0.40219.1
Project("{FAE04EC0-301F-11D3-BF4B-00C04F79EFBC}") = "APP_ServerAssembly", "APP_ServerAssembly\APP_ServerAssembly.csproj", "{896DB42F-63CF-427C-8570-F5F1C38BE17A}"
EndProject
Project("{FAE04EC0-301F-11D3-BF4B-00C04F79EFBC}") = "APP_ClientAssembly", "APP_ClientAssembly\APP_ClientAssembly.csproj", "{CD708E54-E692-4353-A079-D61F1EBF4D98}"
EndProject
Project("{FAE04EC0-301F-11D3-BF4B-00C04F79EFBC}") = "GameMainScreen_Client", "GameMainScreen\GameMainScreen_Client.csproj", "{6631A536-540C-49DC-A1AD-999532736B2F}"
EndProject
Global
	GlobalSection(SolutionConfigurationPlatforms) = preSolution
		Debug|Any CPU = Debug|Any CPU
		Debug|x64 = Debug|x64
		Debug|x86 = Debug|x86
		Release|Any CPU = Release|Any CPU
		Release|x64 = Release|x64
		Release|x86 = Release|x86
	EndGlobalSection
	GlobalSection(ProjectConfigurationPlatforms) = postSolution
		{896DB42F-63CF-427C-8570-F5F1C38BE17A}.Debug|Any CPU.ActiveCfg = Debug|Any CPU
		{896DB42F-63CF-427C-8570-F5F1C38BE17A}.Debug|Any CPU.Build.0 = Debug|Any CPU
		{896DB42F-63CF-427C-8570-F5F1C38BE17A}.Debug|x64.ActiveCfg = Debug|Any CPU
		{896DB42F-63CF-427C-8570-F5F1C38BE17A}.Debug|x64.Build.0 = Debug|Any CPU
		{896DB42F-63CF-427C-8570-F5F1C38BE17A}.Debug|x86.ActiveCfg = Debug|Any CPU
		{896DB42F-63CF-427C-8570-F5F1C38BE17A}.Debug|x86.Build.0 = Debug|Any CPU
		{896DB42F-63CF-427C-8570-F5F1C38BE17A}.Release|Any CPU.ActiveCfg = Release|Any CPU
		{896DB42F-63CF-427C-8570-F5F1C38BE17A}.Release|Any CPU.Build.0 = Release|Any CPU
		{896DB42F-63CF-427C-8570-F5F1C38BE17A}.Release|x64.ActiveCfg = Release|Any CPU
		{896DB42F-63CF-427C-8570-F5F1C38BE17A}.Release|x64.Build.0 = Release|Any CPU
		{896DB42F-63CF-427C-8570-F5F1C38BE17A}.Release|x86.ActiveCfg = Release|Any CPU
		{896DB42F-63CF-427C-8570-F5F1C38BE17A}.Release|x86.Build.0 = Release|Any CPU
		{CD708E54-E692-4353-A079-D61F1EBF4D98}.Debug|Any CPU.ActiveCfg = Debug|Any CPU
		{CD708E54-E692-4353-A079-D61F1EBF4D98}.Debug|Any CPU.Build.0 = Debug|Any CPU
		{CD708E54-E692-4353-A079-D61F1EBF4D98}.Debug|x64.ActiveCfg = Debug|Any CPU
		{CD708E54-E692-4353-A079-D61F1EBF4D98}.Debug|x64.Build.0 = Debug|Any CPU
		{CD708E54-E692-4353-A079-D61F1EBF4D98}.Debug|x86.ActiveCfg = Debug|Any CPU
		{CD708E54-E692-4353-A079-D61F1EBF4D98}.Debug|x86.Build.0 = Debug|Any CPU
		{CD708E54-E692-4353-A079-D61F1EBF4D98}.Release|Any CPU.ActiveCfg = Release|Any CPU
		{CD708E54-E692-4353-A079-D61F1EBF4D98}.Release|Any CPU.Build.0 = Release|Any CPU
		{CD708E54-E692-4353-A079-D61F1EBF4D98}.Release|x64.ActiveCfg = Release|Any CPU
		{CD708E54-E692-4353-A079-D61F1EBF4D98}.Release|x64.Build.0 = Release|Any CPU
		{CD708E54-E692-4353-A079-D61F1EBF4D98}.Release|x86.ActiveCfg = Release|Any CPU
		{CD708E54-E692-4353-A079-D61F1EBF4D98}.Release|x86.Build.0 = Release|Any CPU
		{6631A536-540C-49DC-A1AD-999532736B2F}.Debug|Any CPU.ActiveCfg = Debug|Any CPU
		{6631A536-540C-49DC-A1AD-999532736B2F}.Debug|Any CPU.Build.0 = Debug|Any CPU
		{6631A536-540C-49DC-A1AD-999532736B2F}.Debug|x64.ActiveCfg = Debug|Any CPU
		{6631A536-540C-49DC-A1AD-999532736B2F}.Debug|x64.Build.0 = Debug|Any CPU
		{6631A536-540C-49DC-A1AD-999532736B2F}.Debug|x86.ActiveCfg = Debug|Any CPU
		{6631A536-540C-49DC-A1AD-999532736B2F}.Debug|x86.Build.0 = Debug|Any CPU
		{6631A536-540C-49DC-A1AD-999532736B2F}.Release|Any CPU.ActiveCfg = Release|Any CPU
		{6631A536-540C-49DC-A1AD-999532736B2F}.Release|Any CPU.Build.0 = Release|Any CPU
		{6631A536-540C-49DC-A1AD-999532736B2F}.Release|x64.ActiveCfg = Release|Any CPU
		{6631A536-540C-49DC-A1AD-999532736B2F}.Release|x64.Build.0 = Release|Any CPU
		{6631A536-540C-49DC-A1AD-999532736B2F}.Release|x86.ActiveCfg = Release|Any CPU
		{6631A536-540C-49DC-A1AD-999532736B2F}.Release|x86.Build.0 = Release|Any CPU
	EndGlobalSection
	GlobalSection(SolutionProperties) = preSolution
		HideSolutionNode = FALSE
	EndGlobalSection
	GlobalSection(ExtensibilityGlobals) = postSolution
		SolutionGuid = {A4D81C5D-D66D-48DE-BE05-5E32BF2AACCA}
	EndGlobalSection
EndGlobal
